
Microsoft Visual Studio Solution File, Format Version 12.00
# Visual Studio 14
VisualStudioVersion = 14.0.24720.0
MinimumVisualStudioVersion = 10.0.40219.1
Project("{FAE04EC0-301F-11D3-BF4B-00C04F79EFBC}") = "XamlBrewer.Uwp.FloatingContentSample", "XamlBrewer.Uwp.FloatingContentSample\XamlBrewer.Uwp.FloatingContentSample.csproj", "{15037610-9CA8-478A-966C-F805CC07F2DC}"
EndProject
Project("{FAE04EC0-301F-11D3-BF4B-00C04F79EFBC}") = "XamlBrewer.Uwp.FloatingContentControl", "XamlBrewer.Uwp.FloatingContentControl\XamlBrewer.Uwp.FloatingContentControl.csproj", "{06AEEBE0-E720-469E-A071-349C2029D846}"
EndProject
Global
	GlobalSection(SolutionConfigurationPlatforms) = preSolution
		Debug|Any CPU = Debug|Any CPU
		Debug|ARM = Debug|ARM
		Debug|x64 = Debug|x64
		Debug|x86 = Debug|x86
		Release|Any CPU = Release|Any CPU
		Release|ARM = Release|ARM
		Release|x64 = Release|x64
		Release|x86 = Release|x86
	EndGlobalSection
	GlobalSection(ProjectConfigurationPlatforms) = postSolution
		{15037610-9CA8-478A-966C-F805CC07F2DC}.Debug|Any CPU.ActiveCfg = Debug|x86
		{15037610-9CA8-478A-966C-F805CC07F2DC}.Debug|ARM.ActiveCfg = Debug|ARM
		{15037610-9CA8-478A-966C-F805CC07F2DC}.Debug|ARM.Build.0 = Debug|ARM
		{15037610-9CA8-478A-966C-F805CC07F2DC}.Debug|ARM.Deploy.0 = Debug|ARM
		{15037610-9CA8-478A-966C-F805CC07F2DC}.Debug|x64.ActiveCfg = Debug|x64
		{15037610-9CA8-478A-966C-F805CC07F2DC}.Debug|x64.Build.0 = Debug|x64
		{15037610-9CA8-478A-966C-F805CC07F2DC}.Debug|x64.Deploy.0 = Debug|x64
		{15037610-9CA8-478A-966C-F805CC07F2DC}.Debug|x86.ActiveCfg = Debug|x86
		{15037610-9CA8-478A-966C-F805CC07F2DC}.Debug|x86.Build.0 = Debug|x86
		{15037610-9CA8-478A-966C-F805CC07F2DC}.Debug|x86.Deploy.0 = Debug|x86
		{15037610-9CA8-478A-966C-F805CC07F2DC}.Release|Any CPU.ActiveCfg = Release|x86
		{15037610-9CA8-478A-966C-F805CC07F2DC}.Release|ARM.ActiveCfg = Release|ARM
		{15037610-9CA8-478A-966C-F805CC07F2DC}.Release|ARM.Build.0 = Release|ARM
		{15037610-9CA8-478A-966C-F805CC07F2DC}.Release|ARM.Deploy.0 = Release|ARM
		{15037610-9CA8-478A-966C-F805CC07F2DC}.Release|x64.ActiveCfg = Release|x64
		{15037610-9CA8-478A-966C-F805CC07F2DC}.Release|x64.Build.0 = Release|x64
		{15037610-9CA8-478A-966C-F805CC07F2DC}.Release|x64.Deploy.0 = Release|x64
		{15037610-9CA8-478A-966C-F805CC07F2DC}.Release|x86.ActiveCfg = Release|x86
		{15037610-9CA8-478A-966C-F805CC07F2DC}.Release|x86.Build.0 = Release|x86
		{15037610-9CA8-478A-966C-F805CC07F2DC}.Release|x86.Deploy.0 = Release|x86
		{06AEEBE0-E720-469E-A071-349C2029D846}.Debug|Any CPU.ActiveCfg = Debug|Any CPU
		{06AEEBE0-E720-469E-A071-349C2029D846}.Debug|Any CPU.Build.0 = Debug|Any CPU
		{06AEEBE0-E720-469E-A071-349C2029D846}.Debug|ARM.ActiveCfg = Debug|ARM
		{06AEEBE0-E720-469E-A071-349C2029D846}.Debug|ARM.Build.0 = Debug|ARM
		{06AEEBE0-E720-469E-A071-349C2029D846}.Debug|x64.ActiveCfg = Debug|x64
		{06AEEBE0-E720-469E-A071-349C2029D846}.Debug|x64.Build.0 = Debug|x64
		{06AEEBE0-E720-469E-A071-349C2029D846}.Debug|x86.ActiveCfg = Debug|x86
		{06AEEBE0-E720-469E-A071-349C2029D846}.Debug|x86.Build.0 = Debug|x86
		{06AEEBE0-E720-469E-A071-349C2029D846}.Release|Any CPU.ActiveCfg = Release|Any CPU
		{06AEEBE0-E720-469E-A071-349C2029D846}.Release|Any CPU.Build.0 = Release|Any CPU
		{06AEEBE0-E720-469E-A071-349C2029D846}.Release|ARM.ActiveCfg = Release|ARM
		{06AEEBE0-E720-469E-A071-349C2029D846}.Release|ARM.Build.0 = Release|ARM
		{06AEEBE0-E720-469E-A071-349C2029D846}.Release|x64.ActiveCfg = Release|x64
		{06AEEBE0-E720-469E-A071-349C2029D846}.Release|x64.Build.0 = Release|x64
		{06AEEBE0-E720-469E-A071-349C2029D846}.Release|x86.ActiveCfg = Release|x86
		{06AEEBE0-E720-469E-A071-349C2029D846}.Release|x86.Build.0 = Release|x86
	EndGlobalSection
	GlobalSection(SolutionProperties) = preSolution
		HideSolutionNode = FALSE
	EndGlobalSection
EndGlobal
